
Microsoft Visual Studio Solution File, Format Version 12.00
# Visual Studio Version 16
VisualStudioVersion = 16.0.29306.81
MinimumVisualStudioVersion = 10.0.40219.1
Project("{FAE04EC0-301F-11D3-BF4B-00C04F79EFBC}") = "BoxMonkeySolutionProject", "BoxMonkeySolutionProject\BoxMonkeySolutionProject.csproj", "{DA557528-817D-46BB-B8EF-6266DB89D056}"
EndProject
Global
	GlobalSection(SolutionConfigurationPlatforms) = preSolution
		Debug|Any CPU = Debug|Any CPU
		Release|Any CPU = Release|Any CPU
	EndGlobalSection
	GlobalSection(ProjectConfigurationPlatforms) = postSolution
		{DA557528-817D-46BB-B8EF-6266DB89D056}.Debug|Any CPU.ActiveCfg = Debug|Any CPU
		{DA557528-817D-46BB-B8EF-6266DB89D056}.Debug|Any CPU.Build.0 = Debug|Any CPU
		{DA557528-817D-46BB-B8EF-6266DB89D056}.Release|Any CPU.ActiveCfg = Release|Any CPU
		{DA557528-817D-46BB-B8EF-6266DB89D056}.Release|Any CPU.Build.0 = Release|Any CPU
	EndGlobalSection
	GlobalSection(SolutionProperties) = preSolution
		HideSolutionNode = FALSE
	EndGlobalSection
	GlobalSection(ExtensibilityGlobals) = postSolution
		SolutionGuid = {39990200-B538-4DFF-9D46-AB094C77A0E5}
	EndGlobalSection
EndGlobal
